# This file was autogenerated by Stack.
# You should not edit this file by hand.
# For more information, please see the documentation at:
#   https://docs.haskellstack.org/en/stable/lock_files

packages:
- completed:
    cabal-file:
      size: 6909
      sha256: 13f09e904248a40dd173c08f2859d0dfda178a7c27f88df20b70a0d5a7614757
    name: github
    version: '0.22'
    git: https://github.com/rvlander/github.git
    pantry-tree:
      size: 15813
      sha256: 23c5c845d3b260ede57499025004729d3f949bc25bad82771dfccdcd9d7564b5
    commit: 6a44ccc135bbd69386f6adfd2c51ad3970aedc2e
  original:
    git: https://github.com/rvlander/github.git
    commit: 6a44ccc135bbd69386f6adfd2c51ad3970aedc2e
- completed:
    hackage: polysemy-1.0.0.0@sha256:5a4596f7ff06db81fc7e2f121fbe481871c348d3c5481297c6af983b728b075c,5509
    pantry-tree:
      size: 3044
      sha256: c92228e91a15abba9269484fabb11730fbaa6f0fa308f4f485da28bc1ab0b7a0
  original:
    hackage: polysemy-1.0.0.0
- completed:
    hackage: binary-instances-1@sha256:cdef50410f2797de38f021d328d38c32b2f4abeaab86bfaf78e0657150863090,2613
    pantry-tree:
      size: 1035
      sha256: b58b9e7a482f158b33d87d807cd91bf99e6cd998593f4d9b11d96e978559a690
  original:
    hackage: binary-instances-1@sha256:cdef50410f2797de38f021d328d38c32b2f4abeaab86bfaf78e0657150863090,2613
snapshots:
- completed:
    size: 523448
    url: https://raw.githubusercontent.com/commercialhaskell/stackage-snapshots/master/lts/14/1.yaml
    sha256: 0045b9bae36c3bb2dd374c29b586389845af1557eea0423958d152fc500d4fbf
  original: lts-14.1
