# This file was autogenerated by Stack.
# You should not edit this file by hand.
# For more information, please see the documentation at:
#   https://docs.haskellstack.org/en/stable/lock_files

packages:
- completed:
    hackage: polysemy-1.0.0.0@sha256:5a4596f7ff06db81fc7e2f121fbe481871c348d3c5481297c6af983b728b075c,5509
    pantry-tree:
      size: 3044
      sha256: c92228e91a15abba9269484fabb11730fbaa6f0fa308f4f485da28bc1ab0b7a0
  original:
    hackage: polysemy-1.0.0.0
- completed:
    hackage: binary-instances-1@sha256:cdef50410f2797de38f021d328d38c32b2f4abeaab86bfaf78e0657150863090,2613
    pantry-tree:
      size: 1035
      sha256: b58b9e7a482f158b33d87d807cd91bf99e6cd998593f4d9b11d96e978559a690
  original:
    hackage: binary-instances-1@sha256:cdef50410f2797de38f021d328d38c32b2f4abeaab86bfaf78e0657150863090,2613
- completed:
    hackage: transformers-either-0.1.1@sha256:ec3d6fefd90e243b51aecebfc0ebc5db6381c261d473ea2df7ed7b501a8fb961,1501
    pantry-tree:
      size: 317
      sha256: a69c9cbc1d8340c63cc8a9bbd718e13a41869d30a7c84d27be94bbc04ad73a69
  original:
    hackage: transformers-either-0.1.1@sha256:ec3d6fefd90e243b51aecebfc0ebc5db6381c261d473ea2df7ed7b501a8fb961,1501
snapshots:
- completed:
    size: 523448
    url: https://raw.githubusercontent.com/commercialhaskell/stackage-snapshots/master/lts/14/1.yaml
    sha256: 0045b9bae36c3bb2dd374c29b586389845af1557eea0423958d152fc500d4fbf
  original: lts-14.1
